// !$*UTF8*$!
{
	archiveVersion = 1;
	classes = {
	};
	objectVersion = 48;
	objects = {

/* Begin PBXBuildFile section */
		5C98494920220F8200254F76 /* AppDelegate.swift in Sources */ = {isa = PBXBuildFile; fileRef = 5C98494820220F8200254F76 /* AppDelegate.swift */; };
		5C98494B20220F8200254F76 /* ViewController.swift in Sources */ = {isa = PBXBuildFile; fileRef = 5C98494A20220F8200254F76 /* ViewController.swift */; };
		5C98494E20220F8200254F76 /* Main.storyboard in Resources */ = {isa = PBXBuildFile; fileRef = 5C98494C20220F8200254F76 /* Main.storyboard */; };
		5C98495020220F8200254F76 /* Assets.xcassets in Resources */ = {isa = PBXBuildFile; fileRef = 5C98494F20220F8200254F76 /* Assets.xcassets */; };
		5C98495320220F8200254F76 /* LaunchScreen.storyboard in Resources */ = {isa = PBXBuildFile; fileRef = 5C98495120220F8200254F76 /* LaunchScreen.storyboard */; };
		5C984962202210A400254F76 /* Models.swift in Sources */ = {isa = PBXBuildFile; fileRef = 5C984961202210A400254F76 /* Models.swift */; };
		5C9849652022116000254F76 /* SiteInfoTableViewCell.swift in Sources */ = {isa = PBXBuildFile; fileRef = 5C9849632022116000254F76 /* SiteInfoTableViewCell.swift */; };
		5C9849662022116000254F76 /* SiteInfoTableViewCell.xib in Resources */ = {isa = PBXBuildFile; fileRef = 5C9849642022116000254F76 /* SiteInfoTableViewCell.xib */; };
		7F9BF3943E7714685EC4A347 /* Pods_Sample.framework in Frameworks */ = {isa = PBXBuildFile; fileRef = 966407C793EE04245A30D570 /* Pods_Sample.framework */; };
/* End PBXBuildFile section */

/* Begin PBXFileReference section */
		5C98494520220F8200254F76 /* Sample.app */ = {isa = PBXFileReference; explicitFileType = wrapper.application; includeInIndex = 0; path = Sample.app; sourceTree = BUILT_PRODUCTS_DIR; };
		5C98494820220F8200254F76 /* AppDelegate.swift */ = {isa = PBXFileReference; lastKnownFileType = sourcecode.swift; path = AppDelegate.swift; sourceTree = "<group>"; };
		5C98494A20220F8200254F76 /* ViewController.swift */ = {isa = PBXFileReference; lastKnownFileType = sourcecode.swift; path = ViewController.swift; sourceTree = "<group>"; };
		5C98494D20220F8200254F76 /* Base */ = {isa = PBXFileReference; lastKnownFileType = file.storyboard; name = Base; path = Base.lproj/Main.storyboard; sourceTree = "<group>"; };
		5C98494F20220F8200254F76 /* Assets.xcassets */ = {isa = PBXFileReference; lastKnownFileType = folder.assetcatalog; path = Assets.xcassets; sourceTree = "<group>"; };
		5C98495220220F8200254F76 /* Base */ = {isa = PBXFileReference; lastKnownFileType = file.storyboard; name = Base; path = Base.lproj/LaunchScreen.storyboard; sourceTree = "<group>"; };
		5C98495420220F8200254F76 /* Info.plist */ = {isa = PBXFileReference; lastKnownFileType = text.plist.xml; path = Info.plist; sourceTree = "<group>"; };
		5C984961202210A400254F76 /* Models.swift */ = {isa = PBXFileReference; lastKnownFileType = sourcecode.swift; path = Models.swift; sourceTree = "<group>"; };
		5C9849632022116000254F76 /* SiteInfoTableViewCell.swift */ = {isa = PBXFileReference; lastKnownFileType = sourcecode.swift; path = SiteInfoTableViewCell.swift; sourceTree = "<group>"; };
		5C9849642022116000254F76 /* SiteInfoTableViewCell.xib */ = {isa = PBXFileReference; lastKnownFileType = file.xib; path = SiteInfoTableViewCell.xib; sourceTree = "<group>"; };
		8D57AA25DF843D65A74E44F0 /* Pods-Sample.debug.xcconfig */ = {isa = PBXFileReference; includeInIndex = 1; lastKnownFileType = text.xcconfig; name = "Pods-Sample.debug.xcconfig"; path = "Pods/Target Support Files/Pods-Sample/Pods-Sample.debug.xcconfig"; sourceTree = "<group>"; };
		966407C793EE04245A30D570 /* Pods_Sample.framework */ = {isa = PBXFileReference; explicitFileType = wrapper.framework; includeInIndex = 0; path = Pods_Sample.framework; sourceTree = BUILT_PRODUCTS_DIR; };
		DB90A469F4441287863BE19C /* Pods-Sample.release.xcconfig */ = {isa = PBXFileReference; includeInIndex = 1; lastKnownFileType = text.xcconfig; name = "Pods-Sample.release.xcconfig"; path = "Pods/Target Support Files/Pods-Sample/Pods-Sample.release.xcconfig"; sourceTree = "<group>"; };
/* End PBXFileReference section */

/* Begin PBXFrameworksBuildPhase section */
		5C98494220220F8200254F76 /* Frameworks */ = {
			isa = PBXFrameworksBuildPhase;
			buildActionMask = 2147483647;
			files = (
				7F9BF3943E7714685EC4A347 /* Pods_Sample.framework in Frameworks */,
			);
			runOnlyForDeploymentPostprocessing = 0;
		};
/* End PBXFrameworksBuildPhase section */

/* Begin PBXGroup section */
		0F272B5A29146DC2FA1ED1F2 /* Pods */ = {
			isa = PBXGroup;
			children = (
				8D57AA25DF843D65A74E44F0 /* Pods-Sample.debug.xcconfig */,
				DB90A469F4441287863BE19C /* Pods-Sample.release.xcconfig */,
			);
			name = Pods;
			sourceTree = "<group>";
		};
		5BCA28CF1A3364B49FFDB730 /* Frameworks */ = {
			isa = PBXGroup;
			children = (
				966407C793EE04245A30D570 /* Pods_Sample.framework */,
			);
			name = Frameworks;
			sourceTree = "<group>";
		};
		5C98493C20220F8200254F76 = {
			isa = PBXGroup;
			children = (
				5C98494720220F8200254F76 /* Sample */,
				5C98494620220F8200254F76 /* Products */,
				0F272B5A29146DC2FA1ED1F2 /* Pods */,
				5BCA28CF1A3364B49FFDB730 /* Frameworks */,
			);
			sourceTree = "<group>";
		};
		5C98494620220F8200254F76 /* Products */ = {
			isa = PBXGroup;
			children = (
				5C98494520220F8200254F76 /* Sample.app */,
			);
			name = Products;
			sourceTree = "<group>";
		};
		5C98494720220F8200254F76 /* Sample */ = {
			isa = PBXGroup;
			children = (
				5C98495C2022103700254F76 /* Common */,
				5C9849602022106C00254F76 /* Sections */,
				5C98495B2022103000254F76 /* Resources */,
			);
			path = Sample;
			sourceTree = "<group>";
		};
		5C98495A2022102700254F76 /* Controllers */ = {
			isa = PBXGroup;
			children = (
				5C98494A20220F8200254F76 /* ViewController.swift */,
			);
			path = Controllers;
			sourceTree = "<group>";
		};
		5C98495B2022103000254F76 /* Resources */ = {
			isa = PBXGroup;
			children = (
				5C98494C20220F8200254F76 /* Main.storyboard */,
				5C98494F20220F8200254F76 /* Assets.xcassets */,
				5C98495120220F8200254F76 /* LaunchScreen.storyboard */,
				5C98495420220F8200254F76 /* Info.plist */,
			);
			path = Resources;
			sourceTree = "<group>";
		};
		5C98495C2022103700254F76 /* Common */ = {
			isa = PBXGroup;
			children = (
				5C98494820220F8200254F76 /* AppDelegate.swift */,
			);
			path = Common;
			sourceTree = "<group>";
		};
		5C98495D2022103E00254F76 /* Views */ = {
			isa = PBXGroup;
			children = (
				5C98495F2022106000254F76 /* Cells */,
			);
			path = Views;
			sourceTree = "<group>";
		};
		5C98495E2022105B00254F76 /* Models */ = {
			isa = PBXGroup;
			children = (
				5C984961202210A400254F76 /* Models.swift */,
			);
			path = Models;
			sourceTree = "<group>";
		};
		5C98495F2022106000254F76 /* Cells */ = {
			isa = PBXGroup;
			children = (
				5C9849632022116000254F76 /* SiteInfoTableViewCell.swift */,
				5C9849642022116000254F76 /* SiteInfoTableViewCell.xib */,
			);
			path = Cells;
			sourceTree = "<group>";
		};
		5C9849602022106C00254F76 /* Sections */ = {
			isa = PBXGroup;
			children = (
				5C98495E2022105B00254F76 /* Models */,
				5C98495D2022103E00254F76 /* Views */,
				5C98495A2022102700254F76 /* Controllers */,
			);
			path = Sections;
			sourceTree = "<group>";
		};
/* End PBXGroup section */

/* Begin PBXNativeTarget section */
		5C98494420220F8200254F76 /* Sample */ = {
			isa = PBXNativeTarget;
			buildConfigurationList = 5C98495720220F8200254F76 /* Build configuration list for PBXNativeTarget "Sample" */;
			buildPhases = (
				8EC13EFA6809A93A4E06CDCA /* [CP] Check Pods Manifest.lock */,
				5C98494120220F8200254F76 /* Sources */,
				5C98494220220F8200254F76 /* Frameworks */,
				5C98494320220F8200254F76 /* Resources */,
				E557F50129FA3EE8C7A9DCB3 /* [CP] Embed Pods Frameworks */,
				2059FF2B2121064CBBBE7D84 /* [CP] Copy Pods Resources */,
			);
			buildRules = (
			);
			dependencies = (
			);
			name = Sample;
			productName = Sample;
			productReference = 5C98494520220F8200254F76 /* Sample.app */;
			productType = "com.apple.product-type.application";
		};
/* End PBXNativeTarget section */

/* Begin PBXProject section */
		5C98493D20220F8200254F76 /* Project object */ = {
			isa = PBXProject;
			attributes = {
				LastSwiftUpdateCheck = 0920;
				LastUpgradeCheck = 0920;
				ORGANIZATIONNAME = "Meniny Lab";
				TargetAttributes = {
					5C98494420220F8200254F76 = {
						CreatedOnToolsVersion = 9.2;
						ProvisioningStyle = Automatic;
					};
				};
			};
			buildConfigurationList = 5C98494020220F8200254F76 /* Build configuration list for PBXProject "Sample" */;
			compatibilityVersion = "Xcode 8.0";
			developmentRegion = en;
			hasScannedForEncodings = 0;
			knownRegions = (
				en,
				Base,
			);
			mainGroup = 5C98493C20220F8200254F76;
			productRefGroup = 5C98494620220F8200254F76 /* Products */;
			projectDirPath = "";
			projectRoot = "";
			targets = (
				5C98494420220F8200254F76 /* Sample */,
			);
		};
/* End PBXProject section */

/* Begin PBXResourcesBuildPhase section */
		5C98494320220F8200254F76 /* Resources */ = {
			isa = PBXResourcesBuildPhase;
			buildActionMask = 2147483647;
			files = (
				5C98495320220F8200254F76 /* LaunchScreen.storyboard in Resources */,
				5C98495020220F8200254F76 /* Assets.xcassets in Resources */,
				5C9849662022116000254F76 /* SiteInfoTableViewCell.xib in Resources */,
				5C98494E20220F8200254F76 /* Main.storyboard in Resources */,
			);
			runOnlyForDeploymentPostprocessing = 0;
		};
/* End PBXResourcesBuildPhase section */

/* Begin PBXShellScriptBuildPhase section */
		2059FF2B2121064CBBBE7D84 /* [CP] Copy Pods Resources */ = {
			isa = PBXShellScriptBuildPhase;
			buildActionMask = 2147483647;
			files = (
			);
			inputPaths = (
			);
			name = "[CP] Copy Pods Resources";
			outputPaths = (
			);
			runOnlyForDeploymentPostprocessing = 0;
			shellPath = /bin/sh;
			shellScript = "\"${SRCROOT}/Pods/Target Support Files/Pods-Sample/Pods-Sample-resources.sh\"\n";
			showEnvVarsInLog = 0;
		};
		8EC13EFA6809A93A4E06CDCA /* [CP] Check Pods Manifest.lock */ = {
			isa = PBXShellScriptBuildPhase;
			buildActionMask = 2147483647;
			files = (
			);
			inputPaths = (
				"${PODS_PODFILE_DIR_PATH}/Podfile.lock",
				"${PODS_ROOT}/Manifest.lock",
			);
			name = "[CP] Check Pods Manifest.lock";
			outputPaths = (
				"$(DERIVED_FILE_DIR)/Pods-Sample-checkManifestLockResult.txt",
			);
			runOnlyForDeploymentPostprocessing = 0;
			shellPath = /bin/sh;
			shellScript = "diff \"${PODS_PODFILE_DIR_PATH}/Podfile.lock\" \"${PODS_ROOT}/Manifest.lock\" > /dev/null\nif [ $? != 0 ] ; then\n    # print error to STDERR\n    echo \"error: The sandbox is not in sync with the Podfile.lock. Run 'pod install' or update your CocoaPods installation.\" >&2\n    exit 1\nfi\n# This output is used by Xcode 'outputs' to avoid re-running this script phase.\necho \"SUCCESS\" > \"${SCRIPT_OUTPUT_FILE_0}\"\n";
			showEnvVarsInLog = 0;
		};
		E557F50129FA3EE8C7A9DCB3 /* [CP] Embed Pods Frameworks */ = {
			isa = PBXShellScriptBuildPhase;
			buildActionMask = 2147483647;
			files = (
			);
			inputPaths = (
				"${SRCROOT}/Pods/Target Support Files/Pods-Sample/Pods-Sample-frameworks.sh",
				"${BUILT_PRODUCTS_DIR}/TableFlow/TableFlow.framework",
			);
			name = "[CP] Embed Pods Frameworks";
			outputPaths = (
				"${TARGET_BUILD_DIR}/${FRAMEWORKS_FOLDER_PATH}/TableFlow.framework",
			);
			runOnlyForDeploymentPostprocessing = 0;
			shellPath = /bin/sh;
			shellScript = "\"${SRCROOT}/Pods/Target Support Files/Pods-Sample/Pods-Sample-frameworks.sh\"\n";
			showEnvVarsInLog = 0;
		};
/* End PBXShellScriptBuildPhase section */

/* Begin PBXSourcesBuildPhase section */
		5C98494120220F8200254F76 /* Sources */ = {
			isa = PBXSourcesBuildPhase;
			buildActionMask = 2147483647;
			files = (
				5C984962202210A400254F76 /* Models.swift in Sources */,
				5C98494B20220F8200254F76 /* ViewController.swift in Sources */,
				5C9849652022116000254F76 /* SiteInfoTableViewCell.swift in Sources */,
				5C98494920220F8200254F76 /* AppDelegate.swift in Sources */,
			);
			runOnlyForDeploymentPostprocessing = 0;
		};
/* End PBXSourcesBuildPhase section */

/* Begin PBXVariantGroup section */
		5C98494C20220F8200254F76 /* Main.storyboard */ = {
			isa = PBXVariantGroup;
			children = (
				5C98494D20220F8200254F76 /* Base */,
			);
			name = Main.storyboard;
			sourceTree = "<group>";
		};
		5C98495120220F8200254F76 /* LaunchScreen.storyboard */ = {
			isa = PBXVariantGroup;
			children = (
				5C98495220220F8200254F76 /* Base */,
			);
			name = LaunchScreen.storyboard;
			sourceTree = "<group>";
		};
/* End PBXVariantGroup section */

/* Begin XCBuildConfiguration section */
		5C98495520220F8200254F76 /* Debug */ = {
			isa = XCBuildConfiguration;
			buildSettings = {
				ALWAYS_SEARCH_USER_PATHS = NO;
				CLANG_ANALYZER_NONNULL = YES;
				CLANG_ANALYZER_NUMBER_OBJECT_CONVERSION = YES_AGGRESSIVE;
				CLANG_CXX_LANGUAGE_STANDARD = "gnu++14";
				CLANG_CXX_LIBRARY = "libc++";
				CLANG_ENABLE_MODULES = YES;
				CLANG_ENABLE_OBJC_ARC = YES;
				CLANG_WARN_BLOCK_CAPTURE_AUTORELEASING = YES;
				CLANG_WARN_BOOL_CONVERSION = YES;
				CLANG_WARN_COMMA = YES;
				CLANG_WARN_CONSTANT_CONVERSION = YES;
				CLANG_WARN_DIRECT_OBJC_ISA_USAGE = YES_ERROR;
				CLANG_WARN_DOCUMENTATION_COMMENTS = YES;
				CLANG_WARN_EMPTY_BODY = YES;
				CLANG_WARN_ENUM_CONVERSION = YES;
				CLANG_WARN_INFINITE_RECURSION = YES;
				CLANG_WARN_INT_CONVERSION = YES;
				CLANG_WARN_NON_LITERAL_NULL_CONVERSION = YES;
				CLANG_WARN_OBJC_LITERAL_CONVERSION = YES;
				CLANG_WARN_OBJC_ROOT_CLASS = YES_ERROR;
				CLANG_WARN_RANGE_LOOP_ANALYSIS = YES;
				CLANG_WARN_STRICT_PROTOTYPES = YES;
				CLANG_WARN_SUSPICIOUS_MOVE = YES;
				CLANG_WARN_UNGUARDED_AVAILABILITY = YES_AGGRESSIVE;
				CLANG_WARN_UNREACHABLE_CODE = YES;
				CLANG_WARN__DUPLICATE_METHOD_MATCH = YES;
				CODE_SIGN_IDENTITY = "iPhone Developer";
				COPY_PHASE_STRIP = NO;
				DEBUG_INFORMATION_FORMAT = dwarf;
				ENABLE_STRICT_OBJC_MSGSEND = YES;
				ENABLE_TESTABILITY = YES;
				GCC_C_LANGUAGE_STANDARD = gnu11;
				GCC_DYNAMIC_NO_PIC = NO;
				GCC_NO_COMMON_BLOCKS = YES;
				GCC_OPTIMIZATION_LEVEL = 0;
				GCC_PREPROCESSOR_DEFINITIONS = (
					"DEBUG=1",
					"$(inherited)",
				);
				GCC_WARN_64_TO_32_BIT_CONVERSION = YES;
				GCC_WARN_ABOUT_RETURN_TYPE = YES_ERROR;
				GCC_WARN_UNDECLARED_SELECTOR = YES;
				GCC_WARN_UNINITIALIZED_AUTOS = YES_AGGRESSIVE;
				GCC_WARN_UNUSED_FUNCTION = YES;
				GCC_WARN_UNUSED_VARIABLE = YES;
				IPHONEOS_DEPLOYMENT_TARGET = 11.2;
				MTL_ENABLE_DEBUG_INFO = YES;
				ONLY_ACTIVE_ARCH = YES;
				SDKROOT = iphoneos;
				SWIFT_ACTIVE_COMPILATION_CONDITIONS = DEBUG;
				SWIFT_OPTIMIZATION_LEVEL = "-Onone";
			};
			name = Debug;
		};
		5C98495620220F8200254F76 /* Release */ = {
			isa = XCBuildConfiguration;
			buildSettings = {
				ALWAYS_SEARCH_USER_PATHS = NO;
				CLANG_ANALYZER_NONNULL = YES;
				CLANG_ANALYZER_NUMBER_OBJECT_CONVERSION = YES_AGGRESSIVE;
				CLANG_CXX_LANGUAGE_STANDARD = "gnu++14";
				CLANG_CXX_LIBRARY = "libc++";
				CLANG_ENABLE_MODULES = YES;
				CLANG_ENABLE_OBJC_ARC = YES;
				CLANG_WARN_BLOCK_CAPTURE_AUTORELEASING = YES;
				CLANG_WARN_BOOL_CONVERSION = YES;
				CLANG_WARN_COMMA = YES;
				CLANG_WARN_CONSTANT_CONVERSION = YES;
				CLANG_WARN_DIRECT_OBJC_ISA_USAGE = YES_ERROR;
				CLANG_WARN_DOCUMENTATION_COMMENTS = YES;
				CLANG_WARN_EMPTY_BODY = YES;
				CLANG_WARN_ENUM_CONVERSION = YES;
				CLANG_WARN_INFINITE_RECURSION = YES;
				CLANG_WARN_INT_CONVERSION = YES;
				CLANG_WARN_NON_LITERAL_NULL_CONVERSION = YES;
				CLANG_WARN_OBJC_LITERAL_CONVERSION = YES;
				CLANG_WARN_OBJC_ROOT_CLASS = YES_ERROR;
				CLANG_WARN_RANGE_LOOP_ANALYSIS = YES;
				CLANG_WARN_STRICT_PROTOTYPES = YES;
				CLANG_WARN_SUSPICIOUS_MOVE = YES;
				CLANG_WARN_UNGUARDED_AVAILABILITY = YES_AGGRESSIVE;
				CLANG_WARN_UNREACHABLE_CODE = YES;
				CLANG_WARN__DUPLICATE_METHOD_MATCH = YES;
				CODE_SIGN_IDENTITY = "iPhone Developer";
				COPY_PHASE_STRIP = NO;
				DEBUG_INFORMATION_FORMAT = "dwarf-with-dsym";
				ENABLE_NS_ASSERTIONS = NO;
				ENABLE_STRICT_OBJC_MSGSEND = YES;
				GCC_C_LANGUAGE_STANDARD = gnu11;
				GCC_NO_COMMON_BLOCKS = YES;
				GCC_WARN_64_TO_32_BIT_CONVERSION = YES;
				GCC_WARN_ABOUT_RETURN_TYPE = YES_ERROR;
				GCC_WARN_UNDECLARED_SELECTOR = YES;
				GCC_WARN_UNINITIALIZED_AUTOS = YES_AGGRESSIVE;
				GCC_WARN_UNUSED_FUNCTION = YES;
				GCC_WARN_UNUSED_VARIABLE = YES;
				IPHONEOS_DEPLOYMENT_TARGET = 11.2;
				MTL_ENABLE_DEBUG_INFO = NO;
				SDKROOT = iphoneos;
				SWIFT_OPTIMIZATION_LEVEL = "-Owholemodule";
				VALIDATE_PRODUCT = YES;
			};
			name = Release;
		};
		5C98495820220F8200254F76 /* Debug */ = {
			isa = XCBuildConfiguration;
			baseConfigurationReference = 8D57AA25DF843D65A74E44F0 /* Pods-Sample.debug.xcconfig */;
			buildSettings = {
				ASSETCATALOG_COMPILER_APPICON_NAME = AppIcon;
				CODE_SIGN_STYLE = Automatic;
				DEVELOPMENT_TEAM = 63YL5QDMNS;
				INFOPLIST_FILE = "$(SRCROOT)/Sample/Resources/Info.plist";
				LD_RUNPATH_SEARCH_PATHS = "$(inherited) @executable_path/Frameworks";
				PRODUCT_BUNDLE_IDENTIFIER = cn.meniny.TableFlow.Sample;
				PRODUCT_NAME = "$(TARGET_NAME)";
				SWIFT_VERSION = 4.0;
				TARGETED_DEVICE_FAMILY = "1,2";
			};
			name = Debug;
		};
		5C98495920220F8200254F76 /* Release */ = {
			isa = XCBuildConfiguration;
			baseConfigurationReference = DB90A469F4441287863BE19C /* Pods-Sample.release.xcconfig */;
			buildSettings = {
				ASSETCATALOG_COMPILER_APPICON_NAME = AppIcon;
				CODE_SIGN_STYLE = Automatic;
				DEVELOPMENT_TEAM = 63YL5QDMNS;
				INFOPLIST_FILE = "$(SRCROOT)/Sample/Resources/Info.plist";
				LD_RUNPATH_SEARCH_PATHS = "$(inherited) @executable_path/Frameworks";
				PRODUCT_BUNDLE_IDENTIFIER = cn.meniny.TableFlow.Sample;
				PRODUCT_NAME = "$(TARGET_NAME)";
				SWIFT_VERSION = 4.0;
				TARGETED_DEVICE_FAMILY = "1,2";
			};
			name = Release;
		};
/* End XCBuildConfiguration section */

/* Begin XCConfigurationList section */
		5C98494020220F8200254F76 /* Build configuration list for PBXProject "Sample" */ = {
			isa = XCConfigurationList;
			buildConfigurations = (
				5C98495520220F8200254F76 /* Debug */,
				5C98495620220F8200254F76 /* Release */,
			);
			defaultConfigurationIsVisible = 0;
			defaultConfigurationName = Release;
		};
		5C98495720220F8200254F76 /* Build configuration list for PBXNativeTarget "Sample" */ = {
			isa = XCConfigurationList;
			buildConfigurations = (
				5C98495820220F8200254F76 /* Debug */,
				5C98495920220F8200254F76 /* Release */,
			);
			defaultConfigurationIsVisible = 0;
			defaultConfigurationName = Release;
		};
/* End XCConfigurationList section */
	};
	rootObject = 5C98493D20220F8200254F76 /* Project object */;
}
